
Microsoft Visual Studio Solution File, Format Version 12.00
# Visual Studio Version 17
VisualStudioVersion = 17.11.35303.130
MinimumVisualStudioVersion = 10.0.40219.1
Project("{FAE04EC0-301F-11D3-BF4B-00C04F79EFBC}") = "MyCoreApp", "MyCoreApp\MyCoreApp.csproj", "{94C28C45-2A3A-460B-A6E9-E69142554766}"
EndProject
Global
	GlobalSection(SolutionConfigurationPlatforms) = preSolution
		Debug|Any CPU = Debug|Any CPU
		Release|Any CPU = Release|Any CPU
	EndGlobalSection
	GlobalSection(ProjectConfigurationPlatforms) = postSolution
		{94C28C45-2A3A-460B-A6E9-E69142554766}.Debug|Any CPU.ActiveCfg = Debug|Any CPU
		{94C28C45-2A3A-460B-A6E9-E69142554766}.Debug|Any CPU.Build.0 = Debug|Any CPU
		{94C28C45-2A3A-460B-A6E9-E69142554766}.Release|Any CPU.ActiveCfg = Release|Any CPU
		{94C28C45-2A3A-460B-A6E9-E69142554766}.Release|Any CPU.Build.0 = Release|Any CPU
	EndGlobalSection
	GlobalSection(SolutionProperties) = preSolution
		HideSolutionNode = FALSE
	EndGlobalSection
	GlobalSection(ExtensibilityGlobals) = postSolution
		SolutionGuid = {CE3A07E3-25A9-4E03-88A3-9AAA1BB1B236}
	EndGlobalSection
EndGlobal
